// !$*UTF8*$!
{
	archiveVersion = 1;
	classes = {
	};
	objectVersion = 46;
	objects = {

/* Begin PBXBuildFile section */
		398C98121CAC7D0B001A595E /* main.m in Sources */ = {isa = PBXBuildFile; fileRef = 398C98111CAC7D0B001A595E /* main.m */; };
		398C98151CAC7D0B001A595E /* AppDelegate.m in Sources */ = {isa = PBXBuildFile; fileRef = 398C98141CAC7D0B001A595E /* AppDelegate.m */; };
		398C981B1CAC7D0C001A595E /* Main.storyboard in Resources */ = {isa = PBXBuildFile; fileRef = 398C98191CAC7D0C001A595E /* Main.storyboard */; };
		398C981E1CAC7D0C001A595E /* mm_bookclub.xcdatamodeld in Sources */ = {isa = PBXBuildFile; fileRef = 398C981C1CAC7D0C001A595E /* mm_bookclub.xcdatamodeld */; };
		398C98201CAC7D0C001A595E /* Assets.xcassets in Resources */ = {isa = PBXBuildFile; fileRef = 398C981F1CAC7D0C001A595E /* Assets.xcassets */; };
		398C98231CAC7D0C001A595E /* LaunchScreen.storyboard in Resources */ = {isa = PBXBuildFile; fileRef = 398C98211CAC7D0C001A595E /* LaunchScreen.storyboard */; };
		398C982C1CAC7EBA001A595E /* FriendList_TableVC.m in Sources */ = {isa = PBXBuildFile; fileRef = 398C982B1CAC7EBA001A595E /* FriendList_TableVC.m */; };
		398C982E1CAC7F36001A595E /* readers.plist in Resources */ = {isa = PBXBuildFile; fileRef = 398C982D1CAC7F36001A595E /* readers.plist */; };
		398C983B1CAC824A001A595E /* Person+CoreDataProperties.m in Sources */ = {isa = PBXBuildFile; fileRef = 398C98301CAC824A001A595E /* Person+CoreDataProperties.m */; };
		398C983C1CAC824A001A595E /* Person.m in Sources */ = {isa = PBXBuildFile; fileRef = 398C98321CAC824A001A595E /* Person.m */; };
		398C983D1CAC824A001A595E /* Review+CoreDataProperties.m in Sources */ = {isa = PBXBuildFile; fileRef = 398C98341CAC824A001A595E /* Review+CoreDataProperties.m */; };
		398C983E1CAC824B001A595E /* Review.m in Sources */ = {isa = PBXBuildFile; fileRef = 398C98361CAC824A001A595E /* Review.m */; };
		398C983F1CAC824B001A595E /* Book+CoreDataProperties.m in Sources */ = {isa = PBXBuildFile; fileRef = 398C98381CAC824A001A595E /* Book+CoreDataProperties.m */; };
		398C98401CAC824B001A595E /* Book.m in Sources */ = {isa = PBXBuildFile; fileRef = 398C983A1CAC824A001A595E /* Book.m */; };
		398C98431CAC830D001A595E /* FriendSelect_TableVC.m in Sources */ = {isa = PBXBuildFile; fileRef = 398C98421CAC830D001A595E /* FriendSelect_TableVC.m */; };
		398C98491CAD5887001A595E /* Books_VC.m in Sources */ = {isa = PBXBuildFile; fileRef = 398C98481CAD5887001A595E /* Books_VC.m */; };
		398C98741CAE0123001A595E /* ReviewsVC.m in Sources */ = {isa = PBXBuildFile; fileRef = 398C98731CAE0123001A595E /* ReviewsVC.m */; };
/* End PBXBuildFile section */

/* Begin PBXFileReference section */
		398C980D1CAC7D0B001A595E /* mm-bookclub.app */ = {isa = PBXFileReference; explicitFileType = wrapper.application; includeInIndex = 0; path = "mm-bookclub.app"; sourceTree = BUILT_PRODUCTS_DIR; };
		398C98111CAC7D0B001A595E /* main.m */ = {isa = PBXFileReference; lastKnownFileType = sourcecode.c.objc; path = main.m; sourceTree = "<group>"; };
		398C98131CAC7D0B001A595E /* AppDelegate.h */ = {isa = PBXFileReference; lastKnownFileType = sourcecode.c.h; path = AppDelegate.h; sourceTree = "<group>"; };
		398C98141CAC7D0B001A595E /* AppDelegate.m */ = {isa = PBXFileReference; lastKnownFileType = sourcecode.c.objc; path = AppDelegate.m; sourceTree = "<group>"; };
		398C981A1CAC7D0C001A595E /* Base */ = {isa = PBXFileReference; lastKnownFileType = file.storyboard; name = Base; path = Base.lproj/Main.storyboard; sourceTree = "<group>"; };
		398C981D1CAC7D0C001A595E /* mm_bookclub.xcdatamodel */ = {isa = PBXFileReference; lastKnownFileType = wrapper.xcdatamodel; path = mm_bookclub.xcdatamodel; sourceTree = "<group>"; };
		398C981F1CAC7D0C001A595E /* Assets.xcassets */ = {isa = PBXFileReference; lastKnownFileType = folder.assetcatalog; path = Assets.xcassets; sourceTree = "<group>"; };
		398C98221CAC7D0C001A595E /* Base */ = {isa = PBXFileReference; lastKnownFileType = file.storyboard; name = Base; path = Base.lproj/LaunchScreen.storyboard; sourceTree = "<group>"; };
		398C98241CAC7D0C001A595E /* Info.plist */ = {isa = PBXFileReference; lastKnownFileType = text.plist.xml; path = Info.plist; sourceTree = "<group>"; };
		398C982A1CAC7EBA001A595E /* FriendList_TableVC.h */ = {isa = PBXFileReference; fileEncoding = 4; lastKnownFileType = sourcecode.c.h; path = FriendList_TableVC.h; sourceTree = "<group>"; };
		398C982B1CAC7EBA001A595E /* FriendList_TableVC.m */ = {isa = PBXFileReference; fileEncoding = 4; lastKnownFileType = sourcecode.c.objc; path = FriendList_TableVC.m; sourceTree = "<group>"; };
		398C982D1CAC7F36001A595E /* readers.plist */ = {isa = PBXFileReference; fileEncoding = 4; lastKnownFileType = text.plist.xml; path = readers.plist; sourceTree = "<group>"; };
		398C982F1CAC824A001A595E /* Person+CoreDataProperties.h */ = {isa = PBXFileReference; fileEncoding = 4; lastKnownFileType = sourcecode.c.h; path = "Person+CoreDataProperties.h"; sourceTree = "<group>"; };
		398C98301CAC824A001A595E /* Person+CoreDataProperties.m */ = {isa = PBXFileReference; fileEncoding = 4; lastKnownFileType = sourcecode.c.objc; path = "Person+CoreDataProperties.m"; sourceTree = "<group>"; };
		398C98311CAC824A001A595E /* Person.h */ = {isa = PBXFileReference; fileEncoding = 4; lastKnownFileType = sourcecode.c.h; path = Person.h; sourceTree = "<group>"; };
		398C98321CAC824A001A595E /* Person.m */ = {isa = PBXFileReference; fileEncoding = 4; lastKnownFileType = sourcecode.c.objc; path = Person.m; sourceTree = "<group>"; };
		398C98331CAC824A001A595E /* Review+CoreDataProperties.h */ = {isa = PBXFileReference; fileEncoding = 4; lastKnownFileType = sourcecode.c.h; path = "Review+CoreDataProperties.h"; sourceTree = "<group>"; };
		398C98341CAC824A001A595E /* Review+CoreDataProperties.m */ = {isa = PBXFileReference; fileEncoding = 4; lastKnownFileType = sourcecode.c.objc; path = "Review+CoreDataProperties.m"; sourceTree = "<group>"; };
		398C98351CAC824A001A595E /* Review.h */ = {isa = PBXFileReference; fileEncoding = 4; lastKnownFileType = sourcecode.c.h; path = Review.h; sourceTree = "<group>"; };
		398C98361CAC824A001A595E /* Review.m */ = {isa = PBXFileReference; fileEncoding = 4; lastKnownFileType = sourcecode.c.objc; path = Review.m; sourceTree = "<group>"; };
		398C98371CAC824A001A595E /* Book+CoreDataProperties.h */ = {isa = PBXFileReference; fileEncoding = 4; lastKnownFileType = sourcecode.c.h; path = "Book+CoreDataProperties.h"; sourceTree = "<group>"; };
		398C98381CAC824A001A595E /* Book+CoreDataProperties.m */ = {isa = PBXFileReference; fileEncoding = 4; lastKnownFileType = sourcecode.c.objc; path = "Book+CoreDataProperties.m"; sourceTree = "<group>"; };
		398C98391CAC824A001A595E /* Book.h */ = {isa = PBXFileReference; fileEncoding = 4; lastKnownFileType = sourcecode.c.h; path = Book.h; sourceTree = "<group>"; };
		398C983A1CAC824A001A595E /* Book.m */ = {isa = PBXFileReference; fileEncoding = 4; lastKnownFileType = sourcecode.c.objc; path = Book.m; sourceTree = "<group>"; };
		398C98411CAC830D001A595E /* FriendSelect_TableVC.h */ = {isa = PBXFileReference; fileEncoding = 4; lastKnownFileType = sourcecode.c.h; path = FriendSelect_TableVC.h; sourceTree = "<group>"; };
		398C98421CAC830D001A595E /* FriendSelect_TableVC.m */ = {isa = PBXFileReference; fileEncoding = 4; lastKnownFileType = sourcecode.c.objc; path = FriendSelect_TableVC.m; sourceTree = "<group>"; };
		398C98471CAD5887001A595E /* Books_VC.h */ = {isa = PBXFileReference; fileEncoding = 4; lastKnownFileType = sourcecode.c.h; path = Books_VC.h; sourceTree = "<group>"; };
		398C98481CAD5887001A595E /* Books_VC.m */ = {isa = PBXFileReference; fileEncoding = 4; lastKnownFileType = sourcecode.c.objc; path = Books_VC.m; sourceTree = "<group>"; };
		398C98721CAE0123001A595E /* ReviewsVC.h */ = {isa = PBXFileReference; fileEncoding = 4; lastKnownFileType = sourcecode.c.h; path = ReviewsVC.h; sourceTree = "<group>"; };
		398C98731CAE0123001A595E /* ReviewsVC.m */ = {isa = PBXFileReference; fileEncoding = 4; lastKnownFileType = sourcecode.c.objc; path = ReviewsVC.m; sourceTree = "<group>"; };
/* End PBXFileReference section */

/* Begin PBXFrameworksBuildPhase section */
		398C980A1CAC7D0B001A595E /* Frameworks */ = {
			isa = PBXFrameworksBuildPhase;
			buildActionMask = 2147483647;
			files = (
			);
			runOnlyForDeploymentPostprocessing = 0;
		};
/* End PBXFrameworksBuildPhase section */

/* Begin PBXGroup section */
		398C98041CAC7D0B001A595E = {
			isa = PBXGroup;
			children = (
				398C982F1CAC824A001A595E /* Person+CoreDataProperties.h */,
				398C98301CAC824A001A595E /* Person+CoreDataProperties.m */,
				398C98311CAC824A001A595E /* Person.h */,
				398C98321CAC824A001A595E /* Person.m */,
				398C98331CAC824A001A595E /* Review+CoreDataProperties.h */,
				398C98341CAC824A001A595E /* Review+CoreDataProperties.m */,
				398C98351CAC824A001A595E /* Review.h */,
				398C98361CAC824A001A595E /* Review.m */,
				398C98371CAC824A001A595E /* Book+CoreDataProperties.h */,
				398C98381CAC824A001A595E /* Book+CoreDataProperties.m */,
				398C98391CAC824A001A595E /* Book.h */,
				398C983A1CAC824A001A595E /* Book.m */,
				398C980F1CAC7D0B001A595E /* mm-bookclub */,
				398C980E1CAC7D0B001A595E /* Products */,
			);
			sourceTree = "<group>";
		};
		398C980E1CAC7D0B001A595E /* Products */ = {
			isa = PBXGroup;
			children = (
				398C980D1CAC7D0B001A595E /* mm-bookclub.app */,
			);
			name = Products;
			sourceTree = "<group>";
		};
		398C980F1CAC7D0B001A595E /* mm-bookclub */ = {
			isa = PBXGroup;
			children = (
				398C982A1CAC7EBA001A595E /* FriendList_TableVC.h */,
				398C982B1CAC7EBA001A595E /* FriendList_TableVC.m */,
				398C98471CAD5887001A595E /* Books_VC.h */,
				398C98481CAD5887001A595E /* Books_VC.m */,
				398C98721CAE0123001A595E /* ReviewsVC.h */,
				398C98731CAE0123001A595E /* ReviewsVC.m */,
				398C98191CAC7D0C001A595E /* Main.storyboard */,
				398C98411CAC830D001A595E /* FriendSelect_TableVC.h */,
				398C98421CAC830D001A595E /* FriendSelect_TableVC.m */,
				398C98131CAC7D0B001A595E /* AppDelegate.h */,
				398C98141CAC7D0B001A595E /* AppDelegate.m */,
				398C981F1CAC7D0C001A595E /* Assets.xcassets */,
				398C98211CAC7D0C001A595E /* LaunchScreen.storyboard */,
				398C98241CAC7D0C001A595E /* Info.plist */,
				398C982D1CAC7F36001A595E /* readers.plist */,
				398C981C1CAC7D0C001A595E /* mm_bookclub.xcdatamodeld */,
				398C98101CAC7D0B001A595E /* Supporting Files */,
			);
			path = "mm-bookclub";
			sourceTree = "<group>";
		};
		398C98101CAC7D0B001A595E /* Supporting Files */ = {
			isa = PBXGroup;
			children = (
				398C98111CAC7D0B001A595E /* main.m */,
			);
			name = "Supporting Files";
			sourceTree = "<group>";
		};
/* End PBXGroup section */

/* Begin PBXNativeTarget section */
		398C980C1CAC7D0B001A595E /* mm-bookclub */ = {
			isa = PBXNativeTarget;
			buildConfigurationList = 398C98271CAC7D0C001A595E /* Build configuration list for PBXNativeTarget "mm-bookclub" */;
			buildPhases = (
				398C98091CAC7D0B001A595E /* Sources */,
				398C980A1CAC7D0B001A595E /* Frameworks */,
				398C980B1CAC7D0B001A595E /* Resources */,
			);
			buildRules = (
			);
			dependencies = (
			);
			name = "mm-bookclub";
			productName = "mm-bookclub";
			productReference = 398C980D1CAC7D0B001A595E /* mm-bookclub.app */;
			productType = "com.apple.product-type.application";
		};
/* End PBXNativeTarget section */

/* Begin PBXProject section */
		398C98051CAC7D0B001A595E /* Project object */ = {
			isa = PBXProject;
			attributes = {
				LastUpgradeCheck = 0730;
				ORGANIZATIONNAME = plugh;
				TargetAttributes = {
					398C980C1CAC7D0B001A595E = {
						CreatedOnToolsVersion = 7.3;
					};
				};
			};
			buildConfigurationList = 398C98081CAC7D0B001A595E /* Build configuration list for PBXProject "mm-bookclub" */;
			compatibilityVersion = "Xcode 3.2";
			developmentRegion = English;
			hasScannedForEncodings = 0;
			knownRegions = (
				en,
				Base,
			);
			mainGroup = 398C98041CAC7D0B001A595E;
			productRefGroup = 398C980E1CAC7D0B001A595E /* Products */;
			projectDirPath = "";
			projectRoot = "";
			targets = (
				398C980C1CAC7D0B001A595E /* mm-bookclub */,
			);
		};
/* End PBXProject section */

/* Begin PBXResourcesBuildPhase section */
		398C980B1CAC7D0B001A595E /* Resources */ = {
			isa = PBXResourcesBuildPhase;
			buildActionMask = 2147483647;
			files = (
				398C98231CAC7D0C001A595E /* LaunchScreen.storyboard in Resources */,
				398C982E1CAC7F36001A595E /* readers.plist in Resources */,
				398C98201CAC7D0C001A595E /* Assets.xcassets in Resources */,
				398C981B1CAC7D0C001A595E /* Main.storyboard in Resources */,
			);
			runOnlyForDeploymentPostprocessing = 0;
		};
/* End PBXResourcesBuildPhase section */

/* Begin PBXSourcesBuildPhase section */
		398C98091CAC7D0B001A595E /* Sources */ = {
			isa = PBXSourcesBuildPhase;
			buildActionMask = 2147483647;
			files = (
				398C98401CAC824B001A595E /* Book.m in Sources */,
				398C983C1CAC824A001A595E /* Person.m in Sources */,
				398C983D1CAC824A001A595E /* Review+CoreDataProperties.m in Sources */,
				398C983F1CAC824B001A595E /* Book+CoreDataProperties.m in Sources */,
				398C98151CAC7D0B001A595E /* AppDelegate.m in Sources */,
				398C981E1CAC7D0C001A595E /* mm_bookclub.xcdatamodeld in Sources */,
				398C98741CAE0123001A595E /* ReviewsVC.m in Sources */,
				398C98121CAC7D0B001A595E /* main.m in Sources */,
				398C983E1CAC824B001A595E /* Review.m in Sources */,
				398C983B1CAC824A001A595E /* Person+CoreDataProperties.m in Sources */,
				398C98431CAC830D001A595E /* FriendSelect_TableVC.m in Sources */,
				398C982C1CAC7EBA001A595E /* FriendList_TableVC.m in Sources */,
				398C98491CAD5887001A595E /* Books_VC.m in Sources */,
			);
			runOnlyForDeploymentPostprocessing = 0;
		};
/* End PBXSourcesBuildPhase section */

/* Begin PBXVariantGroup section */
		398C98191CAC7D0C001A595E /* Main.storyboard */ = {
			isa = PBXVariantGroup;
			children = (
				398C981A1CAC7D0C001A595E /* Base */,
			);
			name = Main.storyboard;
			sourceTree = "<group>";
		};
		398C98211CAC7D0C001A595E /* LaunchScreen.storyboard */ = {
			isa = PBXVariantGroup;
			children = (
				398C98221CAC7D0C001A595E /* Base */,
			);
			name = LaunchScreen.storyboard;
			sourceTree = "<group>";
		};
/* End PBXVariantGroup section */

/* Begin XCBuildConfiguration section */
		398C98251CAC7D0C001A595E /* Debug */ = {
			isa = XCBuildConfiguration;
			buildSettings = {
				ALWAYS_SEARCH_USER_PATHS = NO;
				CLANG_ANALYZER_NONNULL = YES;
				CLANG_CXX_LANGUAGE_STANDARD = "gnu++0x";
				CLANG_CXX_LIBRARY = "libc++";
				CLANG_ENABLE_MODULES = YES;
				CLANG_ENABLE_OBJC_ARC = YES;
				CLANG_WARN_BOOL_CONVERSION = YES;
				CLANG_WARN_CONSTANT_CONVERSION = YES;
				CLANG_WARN_DIRECT_OBJC_ISA_USAGE = YES_ERROR;
				CLANG_WARN_EMPTY_BODY = YES;
				CLANG_WARN_ENUM_CONVERSION = YES;
				CLANG_WARN_INT_CONVERSION = YES;
				CLANG_WARN_OBJC_ROOT_CLASS = YES_ERROR;
				CLANG_WARN_UNREACHABLE_CODE = YES;
				CLANG_WARN__DUPLICATE_METHOD_MATCH = YES;
				"CODE_SIGN_IDENTITY[sdk=iphoneos*]" = "iPhone Developer";
				COPY_PHASE_STRIP = NO;
				DEBUG_INFORMATION_FORMAT = dwarf;
				ENABLE_STRICT_OBJC_MSGSEND = YES;
				ENABLE_TESTABILITY = YES;
				GCC_C_LANGUAGE_STANDARD = gnu99;
				GCC_DYNAMIC_NO_PIC = NO;
				GCC_NO_COMMON_BLOCKS = YES;
				GCC_OPTIMIZATION_LEVEL = 0;
				GCC_PREPROCESSOR_DEFINITIONS = (
					"DEBUG=1",
					"$(inherited)",
				);
				GCC_WARN_64_TO_32_BIT_CONVERSION = YES;
				GCC_WARN_ABOUT_RETURN_TYPE = YES_ERROR;
				GCC_WARN_UNDECLARED_SELECTOR = YES;
				GCC_WARN_UNINITIALIZED_AUTOS = YES_AGGRESSIVE;
				GCC_WARN_UNUSED_FUNCTION = YES;
				GCC_WARN_UNUSED_VARIABLE = YES;
				IPHONEOS_DEPLOYMENT_TARGET = 9.3;
				MTL_ENABLE_DEBUG_INFO = YES;
				ONLY_ACTIVE_ARCH = YES;
				SDKROOT = iphoneos;
			};
			name = Debug;
		};
		398C98261CAC7D0C001A595E /* Release */ = {
			isa = XCBuildConfiguration;
			buildSettings = {
				ALWAYS_SEARCH_USER_PATHS = NO;
				CLANG_ANALYZER_NONNULL = YES;
				CLANG_CXX_LANGUAGE_STANDARD = "gnu++0x";
				CLANG_CXX_LIBRARY = "libc++";
				CLANG_ENABLE_MODULES = YES;
				CLANG_ENABLE_OBJC_ARC = YES;
				CLANG_WARN_BOOL_CONVERSION = YES;
				CLANG_WARN_CONSTANT_CONVERSION = YES;
				CLANG_WARN_DIRECT_OBJC_ISA_USAGE = YES_ERROR;
				CLANG_WARN_EMPTY_BODY = YES;
				CLANG_WARN_ENUM_CONVERSION = YES;
				CLANG_WARN_INT_CONVERSION = YES;
				CLANG_WARN_OBJC_ROOT_CLASS = YES_ERROR;
				CLANG_WARN_UNREACHABLE_CODE = YES;
				CLANG_WARN__DUPLICATE_METHOD_MATCH = YES;
				"CODE_SIGN_IDENTITY[sdk=iphoneos*]" = "iPhone Developer";
				COPY_PHASE_STRIP = NO;
				DEBUG_INFORMATION_FORMAT = "dwarf-with-dsym";
				ENABLE_NS_ASSERTIONS = NO;
				ENABLE_STRICT_OBJC_MSGSEND = YES;
				GCC_C_LANGUAGE_STANDARD = gnu99;
				GCC_NO_COMMON_BLOCKS = YES;
				GCC_WARN_64_TO_32_BIT_CONVERSION = YES;
				GCC_WARN_ABOUT_RETURN_TYPE = YES_ERROR;
				GCC_WARN_UNDECLARED_SELECTOR = YES;
				GCC_WARN_UNINITIALIZED_AUTOS = YES_AGGRESSIVE;
				GCC_WARN_UNUSED_FUNCTION = YES;
				GCC_WARN_UNUSED_VARIABLE = YES;
				IPHONEOS_DEPLOYMENT_TARGET = 9.3;
				MTL_ENABLE_DEBUG_INFO = NO;
				SDKROOT = iphoneos;
				VALIDATE_PRODUCT = YES;
			};
			name = Release;
		};
		398C98281CAC7D0C001A595E /* Debug */ = {
			isa = XCBuildConfiguration;
			buildSettings = {
				ASSETCATALOG_COMPILER_APPICON_NAME = AppIcon;
				INFOPLIST_FILE = "mm-bookclub/Info.plist";
				LD_RUNPATH_SEARCH_PATHS = "$(inherited) @executable_path/Frameworks";
				PRODUCT_BUNDLE_IDENTIFIER = "com.plugh.csserra.mm-bookclub";
				PRODUCT_NAME = "$(TARGET_NAME)";
			};
			name = Debug;
		};
		398C98291CAC7D0C001A595E /* Release */ = {
			isa = XCBuildConfiguration;
			buildSettings = {
				ASSETCATALOG_COMPILER_APPICON_NAME = AppIcon;
				INFOPLIST_FILE = "mm-bookclub/Info.plist";
				LD_RUNPATH_SEARCH_PATHS = "$(inherited) @executable_path/Frameworks";
				PRODUCT_BUNDLE_IDENTIFIER = "com.plugh.csserra.mm-bookclub";
				PRODUCT_NAME = "$(TARGET_NAME)";
			};
			name = Release;
		};
/* End XCBuildConfiguration section */

/* Begin XCConfigurationList section */
		398C98081CAC7D0B001A595E /* Build configuration list for PBXProject "mm-bookclub" */ = {
			isa = XCConfigurationList;
			buildConfigurations = (
				398C98251CAC7D0C001A595E /* Debug */,
				398C98261CAC7D0C001A595E /* Release */,
			);
			defaultConfigurationIsVisible = 0;
			defaultConfigurationName = Release;
		};
		398C98271CAC7D0C001A595E /* Build configuration list for PBXNativeTarget "mm-bookclub" */ = {
			isa = XCConfigurationList;
			buildConfigurations = (
				398C98281CAC7D0C001A595E /* Debug */,
				398C98291CAC7D0C001A595E /* Release */,
			);
			defaultConfigurationIsVisible = 0;
		};
/* End XCConfigurationList section */

/* Begin XCVersionGroup section */
		398C981C1CAC7D0C001A595E /* mm_bookclub.xcdatamodeld */ = {
			isa = XCVersionGroup;
			children = (
				398C981D1CAC7D0C001A595E /* mm_bookclub.xcdatamodel */,
			);
			currentVersion = 398C981D1CAC7D0C001A595E /* mm_bookclub.xcdatamodel */;
			path = mm_bookclub.xcdatamodeld;
			sourceTree = "<group>";
			versionGroupType = wrapper.xcdatamodel;
		};
/* End XCVersionGroup section */
	};
	rootObject = 398C98051CAC7D0B001A595E /* Project object */;
}
